// !$*UTF8*$!
{
	archiveVersion = 1;
	classes = {
	};
	objectVersion = 50;
	objects = {

/* Begin PBXBuildFile section */
		BF15F0C025758FE800232E80 /* SourceLinkView.swift in Sources */ = {isa = PBXBuildFile; fileRef = BF15F0BF25758FE800232E80 /* SourceLinkView.swift */; };
		BF1EF98225685ED50003FE3D /* FruitRowView.swift in Sources */ = {isa = PBXBuildFile; fileRef = BF1EF98125685ED50003FE3D /* FruitRowView.swift */; };
		BF20705A25752A5F003EB4B0 /* FruitHeaderView.swift in Sources */ = {isa = PBXBuildFile; fileRef = BF20705925752A5F003EB4B0 /* FruitHeaderView.swift */; };
		BF44C63A25751F9800C248D7 /* FruitDetailView.swift in Sources */ = {isa = PBXBuildFile; fileRef = BF44C63925751F9800C248D7 /* FruitDetailView.swift */; };
		BF5D28062577F7B100A4E4BE /* FruitNutrientsView.swift in Sources */ = {isa = PBXBuildFile; fileRef = BF5D28052577F7B100A4E4BE /* FruitNutrientsView.swift */; };
		BF5D28092577FC9100A4E4BE /* SettingsView.swift in Sources */ = {isa = PBXBuildFile; fileRef = BF5D28082577FC9100A4E4BE /* SettingsView.swift */; };
		BF6392E72555876700693428 /* FruitCardView.swift in Sources */ = {isa = PBXBuildFile; fileRef = BF6392E62555876700693428 /* FruitCardView.swift */; };
		BF6392F22555A0B600693428 /* StartButtonView.swift in Sources */ = {isa = PBXBuildFile; fileRef = BF6392F12555A0B600693428 /* StartButtonView.swift */; };
		BF6392F72555CE8200693428 /* OnboardingView.swift in Sources */ = {isa = PBXBuildFile; fileRef = BF6392F62555CE8200693428 /* OnboardingView.swift */; };
		BF79C2622542169600D816E6 /* FructusApp.swift in Sources */ = {isa = PBXBuildFile; fileRef = BF79C2612542169600D816E6 /* FructusApp.swift */; };
		BF79C2642542169600D816E6 /* ContentView.swift in Sources */ = {isa = PBXBuildFile; fileRef = BF79C2632542169600D816E6 /* ContentView.swift */; };
		BF79C2662542169800D816E6 /* Assets.xcassets in Resources */ = {isa = PBXBuildFile; fileRef = BF79C2652542169800D816E6 /* Assets.xcassets */; };
		BF79C2692542169800D816E6 /* Preview Assets.xcassets in Resources */ = {isa = PBXBuildFile; fileRef = BF79C2682542169800D816E6 /* Preview Assets.xcassets */; };
		BFCF978025596CE00087C441 /* FruitModel.swift in Sources */ = {isa = PBXBuildFile; fileRef = BFCF977F25596CE00087C441 /* FruitModel.swift */; };
		BFCF978525596DFA0087C441 /* FruitData.swift in Sources */ = {isa = PBXBuildFile; fileRef = BFCF978425596DFA0087C441 /* FruitData.swift */; };
		BFFFE110257E9126007A9241 /* SettingLabelView.swift in Sources */ = {isa = PBXBuildFile; fileRef = BFFFE10F257E9126007A9241 /* SettingLabelView.swift */; };
		BFFFE113257E9A60007A9241 /* SettingsRowView.swift in Sources */ = {isa = PBXBuildFile; fileRef = BFFFE112257E9A60007A9241 /* SettingsRowView.swift */; };
/* End PBXBuildFile section */

/* Begin PBXFileReference section */
		BF15F0BF25758FE800232E80 /* SourceLinkView.swift */ = {isa = PBXFileReference; lastKnownFileType = sourcecode.swift; path = SourceLinkView.swift; sourceTree = "<group>"; };
		BF1EF98125685ED50003FE3D /* FruitRowView.swift */ = {isa = PBXFileReference; lastKnownFileType = sourcecode.swift; path = FruitRowView.swift; sourceTree = "<group>"; };
		BF20705925752A5F003EB4B0 /* FruitHeaderView.swift */ = {isa = PBXFileReference; lastKnownFileType = sourcecode.swift; path = FruitHeaderView.swift; sourceTree = "<group>"; };
		BF44C63925751F9800C248D7 /* FruitDetailView.swift */ = {isa = PBXFileReference; lastKnownFileType = sourcecode.swift; path = FruitDetailView.swift; sourceTree = "<group>"; };
		BF5D28052577F7B100A4E4BE /* FruitNutrientsView.swift */ = {isa = PBXFileReference; lastKnownFileType = sourcecode.swift; path = FruitNutrientsView.swift; sourceTree = "<group>"; };
		BF5D28082577FC9100A4E4BE /* SettingsView.swift */ = {isa = PBXFileReference; lastKnownFileType = sourcecode.swift; path = SettingsView.swift; sourceTree = "<group>"; };
		BF6392E62555876700693428 /* FruitCardView.swift */ = {isa = PBXFileReference; lastKnownFileType = sourcecode.swift; path = FruitCardView.swift; sourceTree = "<group>"; };
		BF6392F12555A0B600693428 /* StartButtonView.swift */ = {isa = PBXFileReference; lastKnownFileType = sourcecode.swift; path = StartButtonView.swift; sourceTree = "<group>"; };
		BF6392F62555CE8200693428 /* OnboardingView.swift */ = {isa = PBXFileReference; lastKnownFileType = sourcecode.swift; path = OnboardingView.swift; sourceTree = "<group>"; };
		BF79C25E2542169600D816E6 /* Fructus.app */ = {isa = PBXFileReference; explicitFileType = wrapper.application; includeInIndex = 0; path = Fructus.app; sourceTree = BUILT_PRODUCTS_DIR; };
		BF79C2612542169600D816E6 /* FructusApp.swift */ = {isa = PBXFileReference; lastKnownFileType = sourcecode.swift; path = FructusApp.swift; sourceTree = "<group>"; };
		BF79C2632542169600D816E6 /* ContentView.swift */ = {isa = PBXFileReference; lastKnownFileType = sourcecode.swift; path = ContentView.swift; sourceTree = "<group>"; };
		BF79C2652542169800D816E6 /* Assets.xcassets */ = {isa = PBXFileReference; lastKnownFileType = folder.assetcatalog; path = Assets.xcassets; sourceTree = "<group>"; };
		BF79C2682542169800D816E6 /* Preview Assets.xcassets */ = {isa = PBXFileReference; lastKnownFileType = folder.assetcatalog; path = "Preview Assets.xcassets"; sourceTree = "<group>"; };
		BF79C26A2542169800D816E6 /* Info.plist */ = {isa = PBXFileReference; lastKnownFileType = text.plist.xml; path = Info.plist; sourceTree = "<group>"; };
		BFCF977F25596CE00087C441 /* FruitModel.swift */ = {isa = PBXFileReference; lastKnownFileType = sourcecode.swift; path = FruitModel.swift; sourceTree = "<group>"; };
		BFCF978425596DFA0087C441 /* FruitData.swift */ = {isa = PBXFileReference; lastKnownFileType = sourcecode.swift; path = FruitData.swift; sourceTree = "<group>"; };
		BFFFE10F257E9126007A9241 /* SettingLabelView.swift */ = {isa = PBXFileReference; lastKnownFileType = sourcecode.swift; path = SettingLabelView.swift; sourceTree = "<group>"; };
		BFFFE112257E9A60007A9241 /* SettingsRowView.swift */ = {isa = PBXFileReference; lastKnownFileType = sourcecode.swift; path = SettingsRowView.swift; sourceTree = "<group>"; };
/* End PBXFileReference section */

/* Begin PBXFrameworksBuildPhase section */
		BF79C25B2542169500D816E6 /* Frameworks */ = {
			isa = PBXFrameworksBuildPhase;
			buildActionMask = 2147483647;
			files = (
			);
			runOnlyForDeploymentPostprocessing = 0;
		};
/* End PBXFrameworksBuildPhase section */

/* Begin PBXGroup section */
		BF6392E2255586A200693428 /* App */ = {
			isa = PBXGroup;
			children = (
				BF79C2612542169600D816E6 /* FructusApp.swift */,
				BF79C2632542169600D816E6 /* ContentView.swift */,
				BF6392F62555CE8200693428 /* OnboardingView.swift */,
				BF44C63925751F9800C248D7 /* FruitDetailView.swift */,
				BF5D28082577FC9100A4E4BE /* SettingsView.swift */,
			);
			path = App;
			sourceTree = "<group>";
		};
		BF6392E42555870800693428 /* View */ = {
			isa = PBXGroup;
			children = (
				BF6392E62555876700693428 /* FruitCardView.swift */,
				BF6392F12555A0B600693428 /* StartButtonView.swift */,
				BF1EF98125685ED50003FE3D /* FruitRowView.swift */,
				BF20705925752A5F003EB4B0 /* FruitHeaderView.swift */,
				BF15F0BF25758FE800232E80 /* SourceLinkView.swift */,
				BF5D28052577F7B100A4E4BE /* FruitNutrientsView.swift */,
				BFFFE10F257E9126007A9241 /* SettingLabelView.swift */,
				BFFFE112257E9A60007A9241 /* SettingsRowView.swift */,
			);
			path = View;
			sourceTree = "<group>";
		};
		BF79C2552542169500D816E6 = {
			isa = PBXGroup;
			children = (
				BF79C2602542169600D816E6 /* Fructus */,
				BF79C25F2542169600D816E6 /* Products */,
			);
			sourceTree = "<group>";
		};
		BF79C25F2542169600D816E6 /* Products */ = {
			isa = PBXGroup;
			children = (
				BF79C25E2542169600D816E6 /* Fructus.app */,
			);
			name = Products;
			sourceTree = "<group>";
		};
		BF79C2602542169600D816E6 /* Fructus */ = {
			isa = PBXGroup;
			children = (
				BF6392E2255586A200693428 /* App */,
				BF6392E42555870800693428 /* View */,
				BFCF978325596DE60087C441 /* Data */,
				BFCF977E25596CCB0087C441 /* Model */,
				BF79C2652542169800D816E6 /* Assets.xcassets */,
				BF79C26A2542169800D816E6 /* Info.plist */,
				BF79C2672542169800D816E6 /* Preview Content */,
			);
			path = Fructus;
			sourceTree = "<group>";
		};
		BF79C2672542169800D816E6 /* Preview Content */ = {
			isa = PBXGroup;
			children = (
				BF79C2682542169800D816E6 /* Preview Assets.xcassets */,
			);
			path = "Preview Content";
			sourceTree = "<group>";
		};
		BFCF977E25596CCB0087C441 /* Model */ = {
			isa = PBXGroup;
			children = (
				BFCF977F25596CE00087C441 /* FruitModel.swift */,
			);
			path = Model;
			sourceTree = "<group>";
		};
		BFCF978325596DE60087C441 /* Data */ = {
			isa = PBXGroup;
			children = (
				BFCF978425596DFA0087C441 /* FruitData.swift */,
			);
			path = Data;
			sourceTree = "<group>";
		};
/* End PBXGroup section */

/* Begin PBXNativeTarget section */
		BF79C25D2542169500D816E6 /* Fructus */ = {
			isa = PBXNativeTarget;
			buildConfigurationList = BF79C26D2542169800D816E6 /* Build configuration list for PBXNativeTarget "Fructus" */;
			buildPhases = (
				BF79C25A2542169500D816E6 /* Sources */,
				BF79C25B2542169500D816E6 /* Frameworks */,
				BF79C25C2542169500D816E6 /* Resources */,
			);
			buildRules = (
			);
			dependencies = (
			);
			name = Fructus;
			productName = Fructus;
			productReference = BF79C25E2542169600D816E6 /* Fructus.app */;
			productType = "com.apple.product-type.application";
		};
/* End PBXNativeTarget section */

/* Begin PBXProject section */
		BF79C2562542169500D816E6 /* Project object */ = {
			isa = PBXProject;
			attributes = {
				LastSwiftUpdateCheck = 1200;
				LastUpgradeCheck = 1200;
				TargetAttributes = {
					BF79C25D2542169500D816E6 = {
						CreatedOnToolsVersion = 12.0.1;
					};
				};
			};
			buildConfigurationList = BF79C2592542169500D816E6 /* Build configuration list for PBXProject "Fructus" */;
			compatibilityVersion = "Xcode 9.3";
			developmentRegion = en;
			hasScannedForEncodings = 0;
			knownRegions = (
				en,
				Base,
			);
			mainGroup = BF79C2552542169500D816E6;
			productRefGroup = BF79C25F2542169600D816E6 /* Products */;
			projectDirPath = "";
			projectRoot = "";
			targets = (
				BF79C25D2542169500D816E6 /* Fructus */,
			);
		};
/* End PBXProject section */

/* Begin PBXResourcesBuildPhase section */
		BF79C25C2542169500D816E6 /* Resources */ = {
			isa = PBXResourcesBuildPhase;
			buildActionMask = 2147483647;
			files = (
				BF79C2692542169800D816E6 /* Preview Assets.xcassets in Resources */,
				BF79C2662542169800D816E6 /* Assets.xcassets in Resources */,
			);
			runOnlyForDeploymentPostprocessing = 0;
		};
/* End PBXResourcesBuildPhase section */

/* Begin PBXSourcesBuildPhase section */
		BF79C25A2542169500D816E6 /* Sources */ = {
			isa = PBXSourcesBuildPhase;
			buildActionMask = 2147483647;
			files = (
				BFFFE110257E9126007A9241 /* SettingLabelView.swift in Sources */,
				BFCF978525596DFA0087C441 /* FruitData.swift in Sources */,
				BFFFE113257E9A60007A9241 /* SettingsRowView.swift in Sources */,
				BF15F0C025758FE800232E80 /* SourceLinkView.swift in Sources */,
				BF6392E72555876700693428 /* FruitCardView.swift in Sources */,
				BF1EF98225685ED50003FE3D /* FruitRowView.swift in Sources */,
				BF5D28062577F7B100A4E4BE /* FruitNutrientsView.swift in Sources */,
				BF6392F22555A0B600693428 /* StartButtonView.swift in Sources */,
				BF44C63A25751F9800C248D7 /* FruitDetailView.swift in Sources */,
				BF79C2642542169600D816E6 /* ContentView.swift in Sources */,
				BF20705A25752A5F003EB4B0 /* FruitHeaderView.swift in Sources */,
				BF6392F72555CE8200693428 /* OnboardingView.swift in Sources */,
				BFCF978025596CE00087C441 /* FruitModel.swift in Sources */,
				BF79C2622542169600D816E6 /* FructusApp.swift in Sources */,
				BF5D28092577FC9100A4E4BE /* SettingsView.swift in Sources */,
			);
			runOnlyForDeploymentPostprocessing = 0;
		};
/* End PBXSourcesBuildPhase section */

/* Begin XCBuildConfiguration section */
		BF79C26B2542169800D816E6 /* Debug */ = {
			isa = XCBuildConfiguration;
			buildSettings = {
				ALWAYS_SEARCH_USER_PATHS = NO;
				CLANG_ANALYZER_NONNULL = YES;
				CLANG_ANALYZER_NUMBER_OBJECT_CONVERSION = YES_AGGRESSIVE;
				CLANG_CXX_LANGUAGE_STANDARD = "gnu++14";
				CLANG_CXX_LIBRARY = "libc++";
				CLANG_ENABLE_MODULES = YES;
				CLANG_ENABLE_OBJC_ARC = YES;
				CLANG_ENABLE_OBJC_WEAK = YES;
				CLANG_WARN_BLOCK_CAPTURE_AUTORELEASING = YES;
				CLANG_WARN_BOOL_CONVERSION = YES;
				CLANG_WARN_COMMA = YES;
				CLANG_WARN_CONSTANT_CONVERSION = YES;
				CLANG_WARN_DEPRECATED_OBJC_IMPLEMENTATIONS = YES;
				CLANG_WARN_DIRECT_OBJC_ISA_USAGE = YES_ERROR;
				CLANG_WARN_DOCUMENTATION_COMMENTS = YES;
				CLANG_WARN_EMPTY_BODY = YES;
				CLANG_WARN_ENUM_CONVERSION = YES;
				CLANG_WARN_INFINITE_RECURSION = YES;
				CLANG_WARN_INT_CONVERSION = YES;
				CLANG_WARN_NON_LITERAL_NULL_CONVERSION = YES;
				CLANG_WARN_OBJC_IMPLICIT_RETAIN_SELF = YES;
				CLANG_WARN_OBJC_LITERAL_CONVERSION = YES;
				CLANG_WARN_OBJC_ROOT_CLASS = YES_ERROR;
				CLANG_WARN_QUOTED_INCLUDE_IN_FRAMEWORK_HEADER = YES;
				CLANG_WARN_RANGE_LOOP_ANALYSIS = YES;
				CLANG_WARN_STRICT_PROTOTYPES = YES;
				CLANG_WARN_SUSPICIOUS_MOVE = YES;
				CLANG_WARN_UNGUARDED_AVAILABILITY = YES_AGGRESSIVE;
				CLANG_WARN_UNREACHABLE_CODE = YES;
				CLANG_WARN__DUPLICATE_METHOD_MATCH = YES;
				COPY_PHASE_STRIP = NO;
				DEBUG_INFORMATION_FORMAT = dwarf;
				ENABLE_STRICT_OBJC_MSGSEND = YES;
				ENABLE_TESTABILITY = YES;
				GCC_C_LANGUAGE_STANDARD = gnu11;
				GCC_DYNAMIC_NO_PIC = NO;
				GCC_NO_COMMON_BLOCKS = YES;
				GCC_OPTIMIZATION_LEVEL = 0;
				GCC_PREPROCESSOR_DEFINITIONS = (
					"DEBUG=1",
					"$(inherited)",
				);
				GCC_WARN_64_TO_32_BIT_CONVERSION = YES;
				GCC_WARN_ABOUT_RETURN_TYPE = YES_ERROR;
				GCC_WARN_UNDECLARED_SELECTOR = YES;
				GCC_WARN_UNINITIALIZED_AUTOS = YES_AGGRESSIVE;
				GCC_WARN_UNUSED_FUNCTION = YES;
				GCC_WARN_UNUSED_VARIABLE = YES;
				IPHONEOS_DEPLOYMENT_TARGET = 14.0;
				MTL_ENABLE_DEBUG_INFO = INCLUDE_SOURCE;
				MTL_FAST_MATH = YES;
				ONLY_ACTIVE_ARCH = YES;
				SDKROOT = iphoneos;
				SWIFT_ACTIVE_COMPILATION_CONDITIONS = DEBUG;
				SWIFT_OPTIMIZATION_LEVEL = "-Onone";
			};
			name = Debug;
		};
		BF79C26C2542169800D816E6 /* Release */ = {
			isa = XCBuildConfiguration;
			buildSettings = {
				ALWAYS_SEARCH_USER_PATHS = NO;
				CLANG_ANALYZER_NONNULL = YES;
				CLANG_ANALYZER_NUMBER_OBJECT_CONVERSION = YES_AGGRESSIVE;
				CLANG_CXX_LANGUAGE_STANDARD = "gnu++14";
				CLANG_CXX_LIBRARY = "libc++";
				CLANG_ENABLE_MODULES = YES;
				CLANG_ENABLE_OBJC_ARC = YES;
				CLANG_ENABLE_OBJC_WEAK = YES;
				CLANG_WARN_BLOCK_CAPTURE_AUTORELEASING = YES;
				CLANG_WARN_BOOL_CONVERSION = YES;
				CLANG_WARN_COMMA = YES;
				CLANG_WARN_CONSTANT_CONVERSION = YES;
				CLANG_WARN_DEPRECATED_OBJC_IMPLEMENTATIONS = YES;
				CLANG_WARN_DIRECT_OBJC_ISA_USAGE = YES_ERROR;
				CLANG_WARN_DOCUMENTATION_COMMENTS = YES;
				CLANG_WARN_EMPTY_BODY = YES;
				CLANG_WARN_ENUM_CONVERSION = YES;
				CLANG_WARN_INFINITE_RECURSION = YES;
				CLANG_WARN_INT_CONVERSION = YES;
				CLANG_WARN_NON_LITERAL_NULL_CONVERSION = YES;
				CLANG_WARN_OBJC_IMPLICIT_RETAIN_SELF = YES;
				CLANG_WARN_OBJC_LITERAL_CONVERSION = YES;
				CLANG_WARN_OBJC_ROOT_CLASS = YES_ERROR;
				CLANG_WARN_QUOTED_INCLUDE_IN_FRAMEWORK_HEADER = YES;
				CLANG_WARN_RANGE_LOOP_ANALYSIS = YES;
				CLANG_WARN_STRICT_PROTOTYPES = YES;
				CLANG_WARN_SUSPICIOUS_MOVE = YES;
				CLANG_WARN_UNGUARDED_AVAILABILITY = YES_AGGRESSIVE;
				CLANG_WARN_UNREACHABLE_CODE = YES;
				CLANG_WARN__DUPLICATE_METHOD_MATCH = YES;
				COPY_PHASE_STRIP = NO;
				DEBUG_INFORMATION_FORMAT = "dwarf-with-dsym";
				ENABLE_NS_ASSERTIONS = NO;
				ENABLE_STRICT_OBJC_MSGSEND = YES;
				GCC_C_LANGUAGE_STANDARD = gnu11;
				GCC_NO_COMMON_BLOCKS = YES;
				GCC_WARN_64_TO_32_BIT_CONVERSION = YES;
				GCC_WARN_ABOUT_RETURN_TYPE = YES_ERROR;
				GCC_WARN_UNDECLARED_SELECTOR = YES;
				GCC_WARN_UNINITIALIZED_AUTOS = YES_AGGRESSIVE;
				GCC_WARN_UNUSED_FUNCTION = YES;
				GCC_WARN_UNUSED_VARIABLE = YES;
				IPHONEOS_DEPLOYMENT_TARGET = 14.0;
				MTL_ENABLE_DEBUG_INFO = NO;
				MTL_FAST_MATH = YES;
				SDKROOT = iphoneos;
				SWIFT_COMPILATION_MODE = wholemodule;
				SWIFT_OPTIMIZATION_LEVEL = "-O";
				VALIDATE_PRODUCT = YES;
			};
			name = Release;
		};
		BF79C26E2542169800D816E6 /* Debug */ = {
			isa = XCBuildConfiguration;
			buildSettings = {
				ASSETCATALOG_COMPILER_APPICON_NAME = AppIcon;
				ASSETCATALOG_COMPILER_GLOBAL_ACCENT_COLOR_NAME = AccentColor;
				CODE_SIGN_STYLE = Automatic;
				DEVELOPMENT_ASSET_PATHS = "\"Fructus/Preview Content\"";
				ENABLE_PREVIEWS = YES;
				INFOPLIST_FILE = Fructus/Info.plist;
				IPHONEOS_DEPLOYMENT_TARGET = 14.0;
				LD_RUNPATH_SEARCH_PATHS = (
					"$(inherited)",
					"@executable_path/Frameworks",
				);
				PRODUCT_BUNDLE_IDENTIFIER = br.com.cleberreis.Fructus;
				PRODUCT_NAME = "$(TARGET_NAME)";
				SWIFT_VERSION = 5.0;
				TARGETED_DEVICE_FAMILY = "1,2";
			};
			name = Debug;
		};
		BF79C26F2542169800D816E6 /* Release */ = {
			isa = XCBuildConfiguration;
			buildSettings = {
				ASSETCATALOG_COMPILER_APPICON_NAME = AppIcon;
				ASSETCATALOG_COMPILER_GLOBAL_ACCENT_COLOR_NAME = AccentColor;
				CODE_SIGN_STYLE = Automatic;
				DEVELOPMENT_ASSET_PATHS = "\"Fructus/Preview Content\"";
				ENABLE_PREVIEWS = YES;
				INFOPLIST_FILE = Fructus/Info.plist;
				IPHONEOS_DEPLOYMENT_TARGET = 14.0;
				LD_RUNPATH_SEARCH_PATHS = (
					"$(inherited)",
					"@executable_path/Frameworks",
				);
				PRODUCT_BUNDLE_IDENTIFIER = br.com.cleberreis.Fructus;
				PRODUCT_NAME = "$(TARGET_NAME)";
				SWIFT_VERSION = 5.0;
				TARGETED_DEVICE_FAMILY = "1,2";
			};
			name = Release;
		};
/* End XCBuildConfiguration section */

/* Begin XCConfigurationList section */
		BF79C2592542169500D816E6 /* Build configuration list for PBXProject "Fructus" */ = {
			isa = XCConfigurationList;
			buildConfigurations = (
				BF79C26B2542169800D816E6 /* Debug */,
				BF79C26C2542169800D816E6 /* Release */,
			);
			defaultConfigurationIsVisible = 0;
			defaultConfigurationName = Release;
		};
		BF79C26D2542169800D816E6 /* Build configuration list for PBXNativeTarget "Fructus" */ = {
			isa = XCConfigurationList;
			buildConfigurations = (
				BF79C26E2542169800D816E6 /* Debug */,
				BF79C26F2542169800D816E6 /* Release */,
			);
			defaultConfigurationIsVisible = 0;
			defaultConfigurationName = Release;
		};
/* End XCConfigurationList section */
	};
	rootObject = BF79C2562542169500D816E6 /* Project object */;
}
